
Microsoft Visual Studio Solution File, Format Version 12.00
# Visual Studio Version 17
VisualStudioVersion = 17.8.34309.116
MinimumVisualStudioVersion = 10.0.40219.1
Project("{9A19103F-16F7-4668-BE54-9A1E7A4F7556}") = "Evaluation", "Evaluation.csproj", "{B409F1C3-6B30-4D90-929B-45034030C474}"
EndProject
Global
	GlobalSection(SolutionConfigurationPlatforms) = preSolution
		Debug|Any CPU = Debug|Any CPU
		Release|Any CPU = Release|Any CPU
	EndGlobalSection
	GlobalSection(ProjectConfigurationPlatforms) = postSolution
		{B409F1C3-6B30-4D90-929B-45034030C474}.Debug|Any CPU.ActiveCfg = Debug|Any CPU
		{B409F1C3-6B30-4D90-929B-45034030C474}.Debug|Any CPU.Build.0 = Debug|Any CPU
		{B409F1C3-6B30-4D90-929B-45034030C474}.Release|Any CPU.ActiveCfg = Release|Any CPU
		{B409F1C3-6B30-4D90-929B-45034030C474}.Release|Any CPU.Build.0 = Release|Any CPU
	EndGlobalSection
	GlobalSection(SolutionProperties) = preSolution
		HideSolutionNode = FALSE
	EndGlobalSection
	GlobalSection(ExtensibilityGlobals) = postSolution
		SolutionGuid = {4888B8A8-6FB3-4C93-A000-8E8C24066513}
	EndGlobalSection
EndGlobal
